
Microsoft Visual Studio Solution File, Format Version 12.00
# Visual Studio Version 16
VisualStudioVersion = 16.0.30523.141
MinimumVisualStudioVersion = 10.0.40219.1
Project("{FAE04EC0-301F-11D3-BF4B-00C04F79EFBC}") = "Numbers_Online_v2.0", "Numbers_Online_v2.0\Numbers_Online_v2.0.csproj", "{219280F3-506E-4739-88FF-1A005A95631C}"
EndProject
Project("{FAE04EC0-301F-11D3-BF4B-00C04F79EFBC}") = "Client", "Client\Client.csproj", "{7F021470-A5DF-4184-8E2C-3A905898B4F9}"
EndProject
Global
	GlobalSection(SolutionConfigurationPlatforms) = preSolution
		Debug|Any CPU = Debug|Any CPU
		Release|Any CPU = Release|Any CPU
	EndGlobalSection
	GlobalSection(ProjectConfigurationPlatforms) = postSolution
		{219280F3-506E-4739-88FF-1A005A95631C}.Debug|Any CPU.ActiveCfg = Debug|Any CPU
		{219280F3-506E-4739-88FF-1A005A95631C}.Debug|Any CPU.Build.0 = Debug|Any CPU
		{219280F3-506E-4739-88FF-1A005A95631C}.Release|Any CPU.ActiveCfg = Release|Any CPU
		{219280F3-506E-4739-88FF-1A005A95631C}.Release|Any CPU.Build.0 = Release|Any CPU
		{7F021470-A5DF-4184-8E2C-3A905898B4F9}.Debug|Any CPU.ActiveCfg = Debug|Any CPU
		{7F021470-A5DF-4184-8E2C-3A905898B4F9}.Debug|Any CPU.Build.0 = Debug|Any CPU
		{7F021470-A5DF-4184-8E2C-3A905898B4F9}.Release|Any CPU.ActiveCfg = Release|Any CPU
		{7F021470-A5DF-4184-8E2C-3A905898B4F9}.Release|Any CPU.Build.0 = Release|Any CPU
	EndGlobalSection
	GlobalSection(SolutionProperties) = preSolution
		HideSolutionNode = FALSE
	EndGlobalSection
	GlobalSection(ExtensibilityGlobals) = postSolution
		SolutionGuid = {44826679-D068-4649-9C31-C77A4C4EAEC3}
	EndGlobalSection
EndGlobal
